// !$*UTF8*$!
{
	archiveVersion = 1;
	classes = {
	};
	objectVersion = 55;
	objects = {

/* Begin PBXBuildFile section */
		53135176268E02BE00D21A2E /* QueryAgent.swift in Sources */ = {isa = PBXBuildFile; fileRef = 53135175268E02BE00D21A2E /* QueryAgent.swift */; };
		533310F72691D334008E59AE /* SnapshotAgent.swift in Sources */ = {isa = PBXBuildFile; fileRef = 533310F62691D334008E59AE /* SnapshotAgent.swift */; };
		533310F92691DA4A008E59AE /* StreamAgent.swift in Sources */ = {isa = PBXBuildFile; fileRef = 533310F82691DA4A008E59AE /* StreamAgent.swift */; };
		533310FB2691E9BA008E59AE /* GameRoom.graphql in Resources */ = {isa = PBXBuildFile; fileRef = 533310FA2691E9BA008E59AE /* GameRoom.graphql */; };
		533310FD2691F13D008E59AE /* GameCycleEnum.swift in Sources */ = {isa = PBXBuildFile; fileRef = 533310FC2691F13D008E59AE /* GameCycleEnum.swift */; };
		533310FF2691F8C7008E59AE /* OrfeusOnChange.swift in Sources */ = {isa = PBXBuildFile; fileRef = 533310FE2691F8C7008E59AE /* OrfeusOnChange.swift */; };
		5333110126922C81008E59AE /* UUID+ID.swift in Sources */ = {isa = PBXBuildFile; fileRef = 5333110026922C81008E59AE /* UUID+ID.swift */; };
		5339DC632690B53300856830 /* ActivityIndicatorView in Frameworks */ = {isa = PBXBuildFile; productRef = 5339DC622690B53300856830 /* ActivityIndicatorView */; };
		537D2072268B11A70093D6D8 /* LobbyView.swift in Sources */ = {isa = PBXBuildFile; fileRef = 537D2071268B11A70093D6D8 /* LobbyView.swift */; };
		537D2074268B137C0093D6D8 /* RoomPreview.swift in Sources */ = {isa = PBXBuildFile; fileRef = 537D2073268B137C0093D6D8 /* RoomPreview.swift */; };
		5397F33326917FDC005D1913 /* OrfeusSuspense.swift in Sources */ = {isa = PBXBuildFile; fileRef = 5397F33226917FDC005D1913 /* OrfeusSuspense.swift */; };
		53AE31C2267E040F0025A4E9 /* RoomView.swift in Sources */ = {isa = PBXBuildFile; fileRef = 53AE31C1267E040F0025A4E9 /* RoomView.swift */; };
		53AE31C4267E0BB90025A4E9 /* Color+RGBA.swift in Sources */ = {isa = PBXBuildFile; fileRef = 53AE31C3267E0BB90025A4E9 /* Color+RGBA.swift */; };
		53AE31C6267E272E0025A4E9 /* ChatMessage.swift in Sources */ = {isa = PBXBuildFile; fileRef = 53AE31C5267E272E0025A4E9 /* ChatMessage.swift */; };
		53AE31C9267E27770025A4E9 /* BubbleCarded.swift in Sources */ = {isa = PBXBuildFile; fileRef = 53AE31C7267E27770025A4E9 /* BubbleCarded.swift */; };
		53AE31CA267E27770025A4E9 /* FlippedUpsideDown.swift in Sources */ = {isa = PBXBuildFile; fileRef = 53AE31C8267E27770025A4E9 /* FlippedUpsideDown.swift */; };
		53AFC080268EBFDF00C60467 /* CreateRoom.graphql in Resources */ = {isa = PBXBuildFile; fileRef = 53AFC07F268EBFDF00C60467 /* CreateRoom.graphql */; };
		53AFC082268EC45F00C60467 /* MutationAgent.swift in Sources */ = {isa = PBXBuildFile; fileRef = 53AFC081268EC45F00C60467 /* MutationAgent.swift */; };
		53AFC084268ED5A900C60467 /* Agent.swift in Sources */ = {isa = PBXBuildFile; fileRef = 53AFC083268ED5A900C60467 /* Agent.swift */; };
		53AFC086268EDF8300C60467 /* AwaitingAgent.swift in Sources */ = {isa = PBXBuildFile; fileRef = 53AFC085268EDF8300C60467 /* AwaitingAgent.swift */; };
		53AFC088268F144500C60467 /* JoinRoom.graphql in Resources */ = {isa = PBXBuildFile; fileRef = 53AFC087268F144500C60467 /* JoinRoom.graphql */; };
		53AFC08B268F1B0700C60467 /* UserInfoView.swift in Sources */ = {isa = PBXBuildFile; fileRef = 53AFC08A268F1B0700C60467 /* UserInfoView.swift */; };
		53B45E11267C84F5007BF7DE /* MessageRacerApp.swift in Sources */ = {isa = PBXBuildFile; fileRef = 53B45E10267C84F5007BF7DE /* MessageRacerApp.swift */; };
		53B45E13267C84F5007BF7DE /* ContentView.swift in Sources */ = {isa = PBXBuildFile; fileRef = 53B45E12267C84F5007BF7DE /* ContentView.swift */; };
		53B45E15267C84F7007BF7DE /* Assets.xcassets in Resources */ = {isa = PBXBuildFile; fileRef = 53B45E14267C84F7007BF7DE /* Assets.xcassets */; };
		53B45E18267C84F7007BF7DE /* Preview Assets.xcassets in Resources */ = {isa = PBXBuildFile; fileRef = 53B45E17267C84F7007BF7DE /* Preview Assets.xcassets */; };
		53B45E25267C9C16007BF7DE /* Index.swift in Sources */ = {isa = PBXBuildFile; fileRef = 53B45E24267C9C16007BF7DE /* Index.swift */; };
		53B45E27267CB5C1007BF7DE /* User.swift in Sources */ = {isa = PBXBuildFile; fileRef = 53B45E26267CB5C1007BF7DE /* User.swift */; };
		53B45E2A267CB9D6007BF7DE /* NavView.swift in Sources */ = {isa = PBXBuildFile; fileRef = 53B45E29267CB9D6007BF7DE /* NavView.swift */; };
		53D66C6D2691913E0005BB84 /* SuspensingView.swift in Sources */ = {isa = PBXBuildFile; fileRef = 53D66C6C2691913E0005BB84 /* SuspensingView.swift */; };
		53DB3271268D9D67006CE332 /* Apollo in Frameworks */ = {isa = PBXBuildFile; productRef = 53DB3270268D9D67006CE332 /* Apollo */; };
		53DB3273268D9D67006CE332 /* ApolloAPI in Frameworks */ = {isa = PBXBuildFile; productRef = 53DB3272268D9D67006CE332 /* ApolloAPI */; };
		53DB3275268D9D67006CE332 /* ApolloCodegenLib in Frameworks */ = {isa = PBXBuildFile; productRef = 53DB3274268D9D67006CE332 /* ApolloCodegenLib */; };
		53DB3277268D9D67006CE332 /* ApolloUtils in Frameworks */ = {isa = PBXBuildFile; productRef = 53DB3276268D9D67006CE332 /* ApolloUtils */; };
		53DB3279268D9D67006CE332 /* ApolloWebSocket in Frameworks */ = {isa = PBXBuildFile; productRef = 53DB3278268D9D67006CE332 /* ApolloWebSocket */; };
		53DB327C268DA0B5006CE332 /* schema.json in Resources */ = {isa = PBXBuildFile; fileRef = 53DB327B268DA0B5006CE332 /* schema.json */; };
		53DB327F268DA205006CE332 /* Orfeus.swift in Sources */ = {isa = PBXBuildFile; fileRef = 53DB327E268DA205006CE332 /* Orfeus.swift */; };
		53DB3281268DA22B006CE332 /* AvailableRooms.graphql in Resources */ = {isa = PBXBuildFile; fileRef = 53DB3280268DA22B006CE332 /* AvailableRooms.graphql */; };
		53DB3284268DA392006CE332 /* API.swift in Sources */ = {isa = PBXBuildFile; fileRef = 53DB3283268DA392006CE332 /* API.swift */; };
		53DB3286268DBEFF006CE332 /* LobbyRoom.swift in Sources */ = {isa = PBXBuildFile; fileRef = 53DB3285268DBEFF006CE332 /* LobbyRoom.swift */; };
		53DB328D268DC4EF006CE332 /* Plist.swift in Sources */ = {isa = PBXBuildFile; fileRef = 53DB328C268DC4EF006CE332 /* Plist.swift */; };
		53DB328F268DC67A006CE332 /* Preferences.plist in Resources */ = {isa = PBXBuildFile; fileRef = 53DB328E268DC67A006CE332 /* Preferences.plist */; };
/* End PBXBuildFile section */

/* Begin PBXFileReference section */
		53135175268E02BE00D21A2E /* QueryAgent.swift */ = {isa = PBXFileReference; lastKnownFileType = sourcecode.swift; path = QueryAgent.swift; sourceTree = "<group>"; };
		533310F62691D334008E59AE /* SnapshotAgent.swift */ = {isa = PBXFileReference; lastKnownFileType = sourcecode.swift; path = SnapshotAgent.swift; sourceTree = "<group>"; };
		533310F82691DA4A008E59AE /* StreamAgent.swift */ = {isa = PBXFileReference; lastKnownFileType = sourcecode.swift; path = StreamAgent.swift; sourceTree = "<group>"; };
		533310FA2691E9BA008E59AE /* GameRoom.graphql */ = {isa = PBXFileReference; lastKnownFileType = text; path = GameRoom.graphql; sourceTree = "<group>"; };
		533310FC2691F13D008E59AE /* GameCycleEnum.swift */ = {isa = PBXFileReference; lastKnownFileType = sourcecode.swift; path = GameCycleEnum.swift; sourceTree = "<group>"; };
		533310FE2691F8C7008E59AE /* OrfeusOnChange.swift */ = {isa = PBXFileReference; lastKnownFileType = sourcecode.swift; path = OrfeusOnChange.swift; sourceTree = "<group>"; };
		5333110026922C81008E59AE /* UUID+ID.swift */ = {isa = PBXFileReference; lastKnownFileType = sourcecode.swift; path = "UUID+ID.swift"; sourceTree = "<group>"; };
		537D2071268B11A70093D6D8 /* LobbyView.swift */ = {isa = PBXFileReference; lastKnownFileType = sourcecode.swift; path = LobbyView.swift; sourceTree = "<group>"; };
		537D2073268B137C0093D6D8 /* RoomPreview.swift */ = {isa = PBXFileReference; lastKnownFileType = sourcecode.swift; path = RoomPreview.swift; sourceTree = "<group>"; };
		53874CBD267F4C7500918C7D /* MessageRacer.entitlements */ = {isa = PBXFileReference; lastKnownFileType = text.plist.entitlements; path = MessageRacer.entitlements; sourceTree = "<group>"; };
		5397F33226917FDC005D1913 /* OrfeusSuspense.swift */ = {isa = PBXFileReference; lastKnownFileType = sourcecode.swift; path = OrfeusSuspense.swift; sourceTree = "<group>"; };
		53AE31C1267E040F0025A4E9 /* RoomView.swift */ = {isa = PBXFileReference; lastKnownFileType = sourcecode.swift; path = RoomView.swift; sourceTree = "<group>"; };
		53AE31C3267E0BB90025A4E9 /* Color+RGBA.swift */ = {isa = PBXFileReference; fileEncoding = 4; lastKnownFileType = sourcecode.swift; path = "Color+RGBA.swift"; sourceTree = "<group>"; };
		53AE31C5267E272E0025A4E9 /* ChatMessage.swift */ = {isa = PBXFileReference; fileEncoding = 4; lastKnownFileType = sourcecode.swift; path = ChatMessage.swift; sourceTree = "<group>"; };
		53AE31C7267E27770025A4E9 /* BubbleCarded.swift */ = {isa = PBXFileReference; fileEncoding = 4; lastKnownFileType = sourcecode.swift; path = BubbleCarded.swift; sourceTree = "<group>"; };
		53AE31C8267E27770025A4E9 /* FlippedUpsideDown.swift */ = {isa = PBXFileReference; fileEncoding = 4; lastKnownFileType = sourcecode.swift; path = FlippedUpsideDown.swift; sourceTree = "<group>"; };
		53AFC07F268EBFDF00C60467 /* CreateRoom.graphql */ = {isa = PBXFileReference; lastKnownFileType = text; path = CreateRoom.graphql; sourceTree = "<group>"; };
		53AFC081268EC45F00C60467 /* MutationAgent.swift */ = {isa = PBXFileReference; lastKnownFileType = sourcecode.swift; path = MutationAgent.swift; sourceTree = "<group>"; };
		53AFC083268ED5A900C60467 /* Agent.swift */ = {isa = PBXFileReference; lastKnownFileType = sourcecode.swift; path = Agent.swift; sourceTree = "<group>"; };
		53AFC085268EDF8300C60467 /* AwaitingAgent.swift */ = {isa = PBXFileReference; lastKnownFileType = sourcecode.swift; path = AwaitingAgent.swift; sourceTree = "<group>"; };
		53AFC087268F144500C60467 /* JoinRoom.graphql */ = {isa = PBXFileReference; lastKnownFileType = text; path = JoinRoom.graphql; sourceTree = "<group>"; };
		53AFC08A268F1B0700C60467 /* UserInfoView.swift */ = {isa = PBXFileReference; lastKnownFileType = sourcecode.swift; path = UserInfoView.swift; sourceTree = "<group>"; };
		53B45E0D267C84F5007BF7DE /* MessageRacer.app */ = {isa = PBXFileReference; explicitFileType = wrapper.application; includeInIndex = 0; path = MessageRacer.app; sourceTree = BUILT_PRODUCTS_DIR; };
		53B45E10267C84F5007BF7DE /* MessageRacerApp.swift */ = {isa = PBXFileReference; lastKnownFileType = sourcecode.swift; path = MessageRacerApp.swift; sourceTree = "<group>"; };
		53B45E12267C84F5007BF7DE /* ContentView.swift */ = {isa = PBXFileReference; lastKnownFileType = sourcecode.swift; path = ContentView.swift; sourceTree = "<group>"; };
		53B45E14267C84F7007BF7DE /* Assets.xcassets */ = {isa = PBXFileReference; lastKnownFileType = folder.assetcatalog; path = Assets.xcassets; sourceTree = "<group>"; };
		53B45E17267C84F7007BF7DE /* Preview Assets.xcassets */ = {isa = PBXFileReference; lastKnownFileType = folder.assetcatalog; path = "Preview Assets.xcassets"; sourceTree = "<group>"; };
		53B45E24267C9C16007BF7DE /* Index.swift */ = {isa = PBXFileReference; lastKnownFileType = sourcecode.swift; path = Index.swift; sourceTree = "<group>"; };
		53B45E26267CB5C1007BF7DE /* User.swift */ = {isa = PBXFileReference; lastKnownFileType = sourcecode.swift; path = User.swift; sourceTree = "<group>"; };
		53B45E29267CB9D6007BF7DE /* NavView.swift */ = {isa = PBXFileReference; lastKnownFileType = sourcecode.swift; path = NavView.swift; sourceTree = "<group>"; };
		53D66C6C2691913E0005BB84 /* SuspensingView.swift */ = {isa = PBXFileReference; lastKnownFileType = sourcecode.swift; path = SuspensingView.swift; sourceTree = "<group>"; };
		53DB327B268DA0B5006CE332 /* schema.json */ = {isa = PBXFileReference; fileEncoding = 4; lastKnownFileType = text.json; path = schema.json; sourceTree = "<group>"; };
		53DB327E268DA205006CE332 /* Orfeus.swift */ = {isa = PBXFileReference; lastKnownFileType = sourcecode.swift; path = Orfeus.swift; sourceTree = "<group>"; };
		53DB3280268DA22B006CE332 /* AvailableRooms.graphql */ = {isa = PBXFileReference; lastKnownFileType = text; path = AvailableRooms.graphql; sourceTree = "<group>"; };
		53DB3283268DA392006CE332 /* API.swift */ = {isa = PBXFileReference; fileEncoding = 4; lastKnownFileType = sourcecode.swift; name = API.swift; path = MessageRacer/API.swift; sourceTree = SOURCE_ROOT; };
		53DB3285268DBEFF006CE332 /* LobbyRoom.swift */ = {isa = PBXFileReference; lastKnownFileType = sourcecode.swift; path = LobbyRoom.swift; sourceTree = "<group>"; };
		53DB3289268DC29B006CE332 /* Info.plist */ = {isa = PBXFileReference; lastKnownFileType = text.plist; path = Info.plist; sourceTree = "<group>"; };
		53DB328C268DC4EF006CE332 /* Plist.swift */ = {isa = PBXFileReference; lastKnownFileType = sourcecode.swift; path = Plist.swift; sourceTree = "<group>"; };
		53DB328E268DC67A006CE332 /* Preferences.plist */ = {isa = PBXFileReference; lastKnownFileType = text.plist.xml; path = Preferences.plist; sourceTree = "<group>"; };
/* End PBXFileReference section */

/* Begin PBXFrameworksBuildPhase section */
		53B45E0A267C84F5007BF7DE /* Frameworks */ = {
			isa = PBXFrameworksBuildPhase;
			buildActionMask = 2147483647;
			files = (
				53DB3273268D9D67006CE332 /* ApolloAPI in Frameworks */,
				53DB3275268D9D67006CE332 /* ApolloCodegenLib in Frameworks */,
				53DB3279268D9D67006CE332 /* ApolloWebSocket in Frameworks */,
				53DB3271268D9D67006CE332 /* Apollo in Frameworks */,
				5339DC632690B53300856830 /* ActivityIndicatorView in Frameworks */,
				53DB3277268D9D67006CE332 /* ApolloUtils in Frameworks */,
			);
			runOnlyForDeploymentPostprocessing = 0;
		};
/* End PBXFrameworksBuildPhase section */

/* Begin PBXGroup section */
		53135172268DFE1900D21A2E /* Orfeus */ = {
			isa = PBXGroup;
			children = (
				5397F33126917FB3005D1913 /* Views */,
				53135175268E02BE00D21A2E /* QueryAgent.swift */,
				53AFC081268EC45F00C60467 /* MutationAgent.swift */,
				53AFC083268ED5A900C60467 /* Agent.swift */,
				53AFC085268EDF8300C60467 /* AwaitingAgent.swift */,
				533310F62691D334008E59AE /* SnapshotAgent.swift */,
				533310F82691DA4A008E59AE /* StreamAgent.swift */,
			);
			path = Orfeus;
			sourceTree = "<group>";
		};
		537D2070268B11900093D6D8 /* Lobby */ = {
			isa = PBXGroup;
			children = (
				537D2071268B11A70093D6D8 /* LobbyView.swift */,
				537D2073268B137C0093D6D8 /* RoomPreview.swift */,
			);
			path = Lobby;
			sourceTree = "<group>";
		};
		5397F33126917FB3005D1913 /* Views */ = {
			isa = PBXGroup;
			children = (
				5397F33226917FDC005D1913 /* OrfeusSuspense.swift */,
				53D66C6C2691913E0005BB84 /* SuspensingView.swift */,
				533310FE2691F8C7008E59AE /* OrfeusOnChange.swift */,
			);
			path = Views;
			sourceTree = "<group>";
		};
		53AE31C0267E03FC0025A4E9 /* Room */ = {
			isa = PBXGroup;
			children = (
				53AE31C5267E272E0025A4E9 /* ChatMessage.swift */,
				53AE31C1267E040F0025A4E9 /* RoomView.swift */,
			);
			path = Room;
			sourceTree = "<group>";
		};
		53AE31CB267E290C0025A4E9 /* ViewModfier */ = {
			isa = PBXGroup;
			children = (
				53AE31CD267E2A6F0025A4E9 /* Utils */,
				53AE31CC267E2A490025A4E9 /* Styling */,
			);
			path = ViewModfier;
			sourceTree = "<group>";
		};
		53AE31CC267E2A490025A4E9 /* Styling */ = {
			isa = PBXGroup;
			children = (
				53AE31C7267E27770025A4E9 /* BubbleCarded.swift */,
			);
			path = Styling;
			sourceTree = "<group>";
		};
		53AE31CD267E2A6F0025A4E9 /* Utils */ = {
			isa = PBXGroup;
			children = (
				53AE31C8267E27770025A4E9 /* FlippedUpsideDown.swift */,
			);
			path = Utils;
			sourceTree = "<group>";
		};
		53AFC089268F1AEF00C60467 /* Form */ = {
			isa = PBXGroup;
			children = (
				53AFC08A268F1B0700C60467 /* UserInfoView.swift */,
			);
			path = Form;
			sourceTree = "<group>";
		};
		53B45E04267C84F5007BF7DE = {
			isa = PBXGroup;
			children = (
				53B45E0F267C84F5007BF7DE /* MessageRacer */,
				53B45E0E267C84F5007BF7DE /* Products */,
			);
			sourceTree = "<group>";
		};
		53B45E0E267C84F5007BF7DE /* Products */ = {
			isa = PBXGroup;
			children = (
				53B45E0D267C84F5007BF7DE /* MessageRacer.app */,
			);
			name = Products;
			sourceTree = "<group>";
		};
		53B45E0F267C84F5007BF7DE /* MessageRacer */ = {
			isa = PBXGroup;
			children = (
				53874CBD267F4C7500918C7D /* MessageRacer.entitlements */,
				53B45E22267C9BD6007BF7DE /* Views */,
				53B45E1F267C8F27007BF7DE /* Models */,
				53DB327D268DA1ED006CE332 /* GraphQL */,
				53B45E10267C84F5007BF7DE /* MessageRacerApp.swift */,
				53B45E12267C84F5007BF7DE /* ContentView.swift */,
				53DB327B268DA0B5006CE332 /* schema.json */,
				53B45E14267C84F7007BF7DE /* Assets.xcassets */,
				53DB3289268DC29B006CE332 /* Info.plist */,
				53DB328E268DC67A006CE332 /* Preferences.plist */,
				53DB328A268DC4D5006CE332 /* Utils */,
				53B45E16267C84F7007BF7DE /* Preview Content */,
			);
			path = MessageRacer;
			sourceTree = "<group>";
		};
		53B45E16267C84F7007BF7DE /* Preview Content */ = {
			isa = PBXGroup;
			children = (
				53B45E17267C84F7007BF7DE /* Preview Assets.xcassets */,
			);
			path = "Preview Content";
			sourceTree = "<group>";
		};
		53B45E1F267C8F27007BF7DE /* Models */ = {
			isa = PBXGroup;
			children = (
				53AE31C3267E0BB90025A4E9 /* Color+RGBA.swift */,
				53B45E26267CB5C1007BF7DE /* User.swift */,
				53DB3285268DBEFF006CE332 /* LobbyRoom.swift */,
				5333110026922C81008E59AE /* UUID+ID.swift */,
			);
			path = Models;
			sourceTree = "<group>";
		};
		53B45E22267C9BD6007BF7DE /* Views */ = {
			isa = PBXGroup;
			children = (
				537D2070268B11900093D6D8 /* Lobby */,
				53AE31C0267E03FC0025A4E9 /* Room */,
				53B45E28267CB9C5007BF7DE /* Shared */,
				53B45E23267C9BF7007BF7DE /* Main */,
			);
			path = Views;
			sourceTree = "<group>";
		};
		53B45E23267C9BF7007BF7DE /* Main */ = {
			isa = PBXGroup;
			children = (
				53B45E24267C9C16007BF7DE /* Index.swift */,
			);
			path = Main;
			sourceTree = "<group>";
		};
		53B45E28267CB9C5007BF7DE /* Shared */ = {
			isa = PBXGroup;
			children = (
				53AFC089268F1AEF00C60467 /* Form */,
				53AE31CB267E290C0025A4E9 /* ViewModfier */,
				53B45E29267CB9D6007BF7DE /* NavView.swift */,
			);
			path = Shared;
			sourceTree = "<group>";
		};
		53DB327D268DA1ED006CE332 /* GraphQL */ = {
			isa = PBXGroup;
			children = (
				53135172268DFE1900D21A2E /* Orfeus */,
				53DB327E268DA205006CE332 /* Orfeus.swift */,
				53DB3283268DA392006CE332 /* API.swift */,
				53DB3280268DA22B006CE332 /* AvailableRooms.graphql */,
				53AFC07F268EBFDF00C60467 /* CreateRoom.graphql */,
				53AFC087268F144500C60467 /* JoinRoom.graphql */,
				533310FA2691E9BA008E59AE /* GameRoom.graphql */,
				533310FC2691F13D008E59AE /* GameCycleEnum.swift */,
			);
			path = GraphQL;
			sourceTree = "<group>";
		};
		53DB328A268DC4D5006CE332 /* Utils */ = {
			isa = PBXGroup;
			children = (
				53DB328B268DC4DB006CE332 /* Environment */,
			);
			path = Utils;
			sourceTree = "<group>";
		};
		53DB328B268DC4DB006CE332 /* Environment */ = {
			isa = PBXGroup;
			children = (
				53DB328C268DC4EF006CE332 /* Plist.swift */,
			);
			path = Environment;
			sourceTree = "<group>";
		};
/* End PBXGroup section */

/* Begin PBXNativeTarget section */
		53B45E0C267C84F5007BF7DE /* MessageRacer */ = {
			isa = PBXNativeTarget;
			buildConfigurationList = 53B45E1B267C84F7007BF7DE /* Build configuration list for PBXNativeTarget "MessageRacer" */;
			buildPhases = (
				53DB3282268DA2EF006CE332 /* Generate Apollo GraphQL API */,
				53B45E09267C84F5007BF7DE /* Sources */,
				53B45E0A267C84F5007BF7DE /* Frameworks */,
				53B45E0B267C84F5007BF7DE /* Resources */,
			);
			buildRules = (
			);
			dependencies = (
			);
			name = MessageRacer;
			packageProductDependencies = (
				53DB3270268D9D67006CE332 /* Apollo */,
				53DB3272268D9D67006CE332 /* ApolloAPI */,
				53DB3274268D9D67006CE332 /* ApolloCodegenLib */,
				53DB3276268D9D67006CE332 /* ApolloUtils */,
				53DB3278268D9D67006CE332 /* ApolloWebSocket */,
				5339DC622690B53300856830 /* ActivityIndicatorView */,
			);
			productName = MessageRacer;
			productReference = 53B45E0D267C84F5007BF7DE /* MessageRacer.app */;
			productType = "com.apple.product-type.application";
		};
/* End PBXNativeTarget section */

/* Begin PBXProject section */
		53B45E05267C84F5007BF7DE /* Project object */ = {
			isa = PBXProject;
			attributes = {
				BuildIndependentTargetsInParallel = 1;
				LastSwiftUpdateCheck = 1300;
				LastUpgradeCheck = 1300;
				TargetAttributes = {
					53B45E0C267C84F5007BF7DE = {
						CreatedOnToolsVersion = 13.0;
					};
				};
			};
			buildConfigurationList = 53B45E08267C84F5007BF7DE /* Build configuration list for PBXProject "MessageRacer" */;
			compatibilityVersion = "Xcode 13.0";
			developmentRegion = en;
			hasScannedForEncodings = 0;
			knownRegions = (
				en,
				Base,
			);
			mainGroup = 53B45E04267C84F5007BF7DE;
			packageReferences = (
				53DB326F268D9D67006CE332 /* XCRemoteSwiftPackageReference "apollo-ios" */,
				5339DC612690B53200856830 /* XCRemoteSwiftPackageReference "ActivityIndicatorView" */,
			);
			productRefGroup = 53B45E0E267C84F5007BF7DE /* Products */;
			projectDirPath = "";
			projectRoot = "";
			targets = (
				53B45E0C267C84F5007BF7DE /* MessageRacer */,
			);
		};
/* End PBXProject section */

/* Begin PBXResourcesBuildPhase section */
		53B45E0B267C84F5007BF7DE /* Resources */ = {
			isa = PBXResourcesBuildPhase;
			buildActionMask = 2147483647;
			files = (
				53DB3281268DA22B006CE332 /* AvailableRooms.graphql in Resources */,
				53B45E18267C84F7007BF7DE /* Preview Assets.xcassets in Resources */,
				53AFC080268EBFDF00C60467 /* CreateRoom.graphql in Resources */,
				53DB328F268DC67A006CE332 /* Preferences.plist in Resources */,
				53DB327C268DA0B5006CE332 /* schema.json in Resources */,
				53B45E15267C84F7007BF7DE /* Assets.xcassets in Resources */,
				53AFC088268F144500C60467 /* JoinRoom.graphql in Resources */,
				533310FB2691E9BA008E59AE /* GameRoom.graphql in Resources */,
			);
			runOnlyForDeploymentPostprocessing = 0;
		};
/* End PBXResourcesBuildPhase section */

/* Begin PBXShellScriptBuildPhase section */
		53DB3282268DA2EF006CE332 /* Generate Apollo GraphQL API */ = {
			isa = PBXShellScriptBuildPhase;
			buildActionMask = 2147483647;
			files = (
			);
			inputFileListPaths = (
			);
			inputPaths = (
			);
			name = "Generate Apollo GraphQL API";
			outputFileListPaths = (
			);
			outputPaths = (
			);
			runOnlyForDeploymentPostprocessing = 0;
			shellPath = /bin/sh;
			shellScript = "# Type a script or drag a script file from your workspace to insert its path.\n# Go to the build root and search up the chain to find the Derived Data Path where the source packages are checked out.\nDERIVED_DATA_CANDIDATE=\"${BUILD_ROOT}\"\n\nwhile ! [ -d \"${DERIVED_DATA_CANDIDATE}/SourcePackages\" ]; do\n  if [ \"${DERIVED_DATA_CANDIDATE}\" = / ]; then\n    echo >&2 \"error: Unable to locate SourcePackages directory from BUILD_ROOT: '${BUILD_ROOT}'\"\n    exit 1\n  fi\n\n  DERIVED_DATA_CANDIDATE=\"$(dirname \"${DERIVED_DATA_CANDIDATE}\")\"\ndone\n\n# Grab a reference to the directory where scripts are checked out\nSCRIPT_PATH=\"${DERIVED_DATA_CANDIDATE}/SourcePackages/checkouts/apollo-ios/scripts\"\n\nif [ -z \"${SCRIPT_PATH}\" ]; then\n    echo >&2 \"error: Couldn't find the CLI script in your checked out SPM packages; make sure to add the framework to your project.\"\n    exit 1\nfi\n\ncd \"${SRCROOT}/${TARGET_NAME}\"\n\"${SCRIPT_PATH}\"/run-bundled-codegen.sh codegen:generate --target=swift --includes=./**/*.graphql --localSchemaFile=\"schema.json\" API.swift\n";
		};
/* End PBXShellScriptBuildPhase section */

/* Begin PBXSourcesBuildPhase section */
		53B45E09267C84F5007BF7DE /* Sources */ = {
			isa = PBXSourcesBuildPhase;
			buildActionMask = 2147483647;
			files = (
				53AFC086268EDF8300C60467 /* AwaitingAgent.swift in Sources */,
				537D2072268B11A70093D6D8 /* LobbyView.swift in Sources */,
				533310FF2691F8C7008E59AE /* OrfeusOnChange.swift in Sources */,
				53B45E2A267CB9D6007BF7DE /* NavView.swift in Sources */,
				53DB328D268DC4EF006CE332 /* Plist.swift in Sources */,
				53DB3286268DBEFF006CE332 /* LobbyRoom.swift in Sources */,
				53AE31C6267E272E0025A4E9 /* ChatMessage.swift in Sources */,
				53D66C6D2691913E0005BB84 /* SuspensingView.swift in Sources */,
				53AFC08B268F1B0700C60467 /* UserInfoView.swift in Sources */,
				5397F33326917FDC005D1913 /* OrfeusSuspense.swift in Sources */,
				537D2074268B137C0093D6D8 /* RoomPreview.swift in Sources */,
				533310F92691DA4A008E59AE /* StreamAgent.swift in Sources */,
				53B45E13267C84F5007BF7DE /* ContentView.swift in Sources */,
				53DB327F268DA205006CE332 /* Orfeus.swift in Sources */,
				533310FD2691F13D008E59AE /* GameCycleEnum.swift in Sources */,
				53DB3284268DA392006CE332 /* API.swift in Sources */,
				53AE31C2267E040F0025A4E9 /* RoomView.swift in Sources */,
				53B45E25267C9C16007BF7DE /* Index.swift in Sources */,
				53135176268E02BE00D21A2E /* QueryAgent.swift in Sources */,
				53AE31C4267E0BB90025A4E9 /* Color+RGBA.swift in Sources */,
				53AE31CA267E27770025A4E9 /* FlippedUpsideDown.swift in Sources */,
				53AFC084268ED5A900C60467 /* Agent.swift in Sources */,
				53B45E27267CB5C1007BF7DE /* User.swift in Sources */,
				5333110126922C81008E59AE /* UUID+ID.swift in Sources */,
				53B45E11267C84F5007BF7DE /* MessageRacerApp.swift in Sources */,
				53AFC082268EC45F00C60467 /* MutationAgent.swift in Sources */,
				533310F72691D334008E59AE /* SnapshotAgent.swift in Sources */,
				53AE31C9267E27770025A4E9 /* BubbleCarded.swift in Sources */,
			);
			runOnlyForDeploymentPostprocessing = 0;
		};
/* End PBXSourcesBuildPhase section */

/* Begin XCBuildConfiguration section */
		53B45E19267C84F7007BF7DE /* Debug */ = {
			isa = XCBuildConfiguration;
			buildSettings = {
				ALWAYS_SEARCH_USER_PATHS = NO;
				CLANG_ANALYZER_NONNULL = YES;
				CLANG_ANALYZER_NUMBER_OBJECT_CONVERSION = YES_AGGRESSIVE;
				CLANG_CXX_LANGUAGE_STANDARD = "gnu++14";
				CLANG_CXX_LIBRARY = "libc++";
				CLANG_ENABLE_MODULES = YES;
				CLANG_ENABLE_OBJC_ARC = YES;
				CLANG_ENABLE_OBJC_WEAK = YES;
				CLANG_WARN_BLOCK_CAPTURE_AUTORELEASING = YES;
				CLANG_WARN_BOOL_CONVERSION = YES;
				CLANG_WARN_COMMA = YES;
				CLANG_WARN_CONSTANT_CONVERSION = YES;
				CLANG_WARN_DEPRECATED_OBJC_IMPLEMENTATIONS = YES;
				CLANG_WARN_DIRECT_OBJC_ISA_USAGE = YES_ERROR;
				CLANG_WARN_DOCUMENTATION_COMMENTS = YES;
				CLANG_WARN_EMPTY_BODY = YES;
				CLANG_WARN_ENUM_CONVERSION = YES;
				CLANG_WARN_INFINITE_RECURSION = YES;
				CLANG_WARN_INT_CONVERSION = YES;
				CLANG_WARN_NON_LITERAL_NULL_CONVERSION = YES;
				CLANG_WARN_OBJC_IMPLICIT_RETAIN_SELF = YES;
				CLANG_WARN_OBJC_LITERAL_CONVERSION = YES;
				CLANG_WARN_OBJC_ROOT_CLASS = YES_ERROR;
				CLANG_WARN_QUOTED_INCLUDE_IN_FRAMEWORK_HEADER = YES;
				CLANG_WARN_RANGE_LOOP_ANALYSIS = YES;
				CLANG_WARN_STRICT_PROTOTYPES = YES;
				CLANG_WARN_SUSPICIOUS_MOVE = YES;
				CLANG_WARN_UNGUARDED_AVAILABILITY = YES_AGGRESSIVE;
				CLANG_WARN_UNREACHABLE_CODE = YES;
				CLANG_WARN__DUPLICATE_METHOD_MATCH = YES;
				COPY_PHASE_STRIP = NO;
				DEBUG_INFORMATION_FORMAT = dwarf;
				ENABLE_STRICT_OBJC_MSGSEND = YES;
				ENABLE_TESTABILITY = YES;
				GCC_C_LANGUAGE_STANDARD = gnu11;
				GCC_DYNAMIC_NO_PIC = NO;
				GCC_NO_COMMON_BLOCKS = YES;
				GCC_OPTIMIZATION_LEVEL = 0;
				GCC_PREPROCESSOR_DEFINITIONS = (
					"DEBUG=1",
					"$(inherited)",
				);
				GCC_WARN_64_TO_32_BIT_CONVERSION = YES;
				GCC_WARN_ABOUT_RETURN_TYPE = YES_ERROR;
				GCC_WARN_UNDECLARED_SELECTOR = YES;
				GCC_WARN_UNINITIALIZED_AUTOS = YES_AGGRESSIVE;
				GCC_WARN_UNUSED_FUNCTION = YES;
				GCC_WARN_UNUSED_VARIABLE = YES;
				IPHONEOS_DEPLOYMENT_TARGET = 15.0;
				MTL_ENABLE_DEBUG_INFO = INCLUDE_SOURCE;
				MTL_FAST_MATH = YES;
				ONLY_ACTIVE_ARCH = YES;
				SDKROOT = iphoneos;
				SWIFT_ACTIVE_COMPILATION_CONDITIONS = DEBUG;
				SWIFT_OPTIMIZATION_LEVEL = "-Onone";
			};
			name = Debug;
		};
		53B45E1A267C84F7007BF7DE /* Release */ = {
			isa = XCBuildConfiguration;
			buildSettings = {
				ALWAYS_SEARCH_USER_PATHS = NO;
				CLANG_ANALYZER_NONNULL = YES;
				CLANG_ANALYZER_NUMBER_OBJECT_CONVERSION = YES_AGGRESSIVE;
				CLANG_CXX_LANGUAGE_STANDARD = "gnu++14";
				CLANG_CXX_LIBRARY = "libc++";
				CLANG_ENABLE_MODULES = YES;
				CLANG_ENABLE_OBJC_ARC = YES;
				CLANG_ENABLE_OBJC_WEAK = YES;
				CLANG_WARN_BLOCK_CAPTURE_AUTORELEASING = YES;
				CLANG_WARN_BOOL_CONVERSION = YES;
				CLANG_WARN_COMMA = YES;
				CLANG_WARN_CONSTANT_CONVERSION = YES;
				CLANG_WARN_DEPRECATED_OBJC_IMPLEMENTATIONS = YES;
				CLANG_WARN_DIRECT_OBJC_ISA_USAGE = YES_ERROR;
				CLANG_WARN_DOCUMENTATION_COMMENTS = YES;
				CLANG_WARN_EMPTY_BODY = YES;
				CLANG_WARN_ENUM_CONVERSION = YES;
				CLANG_WARN_INFINITE_RECURSION = YES;
				CLANG_WARN_INT_CONVERSION = YES;
				CLANG_WARN_NON_LITERAL_NULL_CONVERSION = YES;
				CLANG_WARN_OBJC_IMPLICIT_RETAIN_SELF = YES;
				CLANG_WARN_OBJC_LITERAL_CONVERSION = YES;
				CLANG_WARN_OBJC_ROOT_CLASS = YES_ERROR;
				CLANG_WARN_QUOTED_INCLUDE_IN_FRAMEWORK_HEADER = YES;
				CLANG_WARN_RANGE_LOOP_ANALYSIS = YES;
				CLANG_WARN_STRICT_PROTOTYPES = YES;
				CLANG_WARN_SUSPICIOUS_MOVE = YES;
				CLANG_WARN_UNGUARDED_AVAILABILITY = YES_AGGRESSIVE;
				CLANG_WARN_UNREACHABLE_CODE = YES;
				CLANG_WARN__DUPLICATE_METHOD_MATCH = YES;
				COPY_PHASE_STRIP = NO;
				DEBUG_INFORMATION_FORMAT = "dwarf-with-dsym";
				ENABLE_NS_ASSERTIONS = NO;
				ENABLE_STRICT_OBJC_MSGSEND = YES;
				GCC_C_LANGUAGE_STANDARD = gnu11;
				GCC_NO_COMMON_BLOCKS = YES;
				GCC_WARN_64_TO_32_BIT_CONVERSION = YES;
				GCC_WARN_ABOUT_RETURN_TYPE = YES_ERROR;
				GCC_WARN_UNDECLARED_SELECTOR = YES;
				GCC_WARN_UNINITIALIZED_AUTOS = YES_AGGRESSIVE;
				GCC_WARN_UNUSED_FUNCTION = YES;
				GCC_WARN_UNUSED_VARIABLE = YES;
				IPHONEOS_DEPLOYMENT_TARGET = 15.0;
				MTL_ENABLE_DEBUG_INFO = NO;
				MTL_FAST_MATH = YES;
				ONLY_ACTIVE_ARCH = YES;
				SDKROOT = iphoneos;
				SWIFT_COMPILATION_MODE = wholemodule;
				SWIFT_OPTIMIZATION_LEVEL = "-O";
				VALIDATE_PRODUCT = YES;
			};
			name = Release;
		};
		53B45E1C267C84F7007BF7DE /* Debug */ = {
			isa = XCBuildConfiguration;
			buildSettings = {
				ASSETCATALOG_COMPILER_APPICON_NAME = AppIcon;
				ASSETCATALOG_COMPILER_GLOBAL_ACCENT_COLOR_NAME = AccentColor;
				CODE_SIGN_ENTITLEMENTS = MessageRacer/MessageRacer.entitlements;
				CODE_SIGN_STYLE = Automatic;
				CURRENT_PROJECT_VERSION = 1;
				DEVELOPMENT_ASSET_PATHS = "\"MessageRacer/Preview Content\"";
				DEVELOPMENT_TEAM = 4XB4MN7FPX;
				ENABLE_PREVIEWS = YES;
				GENERATE_INFOPLIST_FILE = YES;
				INFOPLIST_FILE = MessageRacer/Info.plist;
				INFOPLIST_KEY_CFBundleExecutable = MessageRacer;
				INFOPLIST_KEY_CFBundleName = MessageRacer;
				INFOPLIST_KEY_CFBundleVersion = 1;
				INFOPLIST_KEY_UIApplicationSceneManifest_Generation = YES;
				INFOPLIST_KEY_UIApplicationSupportsIndirectInputEvents = YES;
				INFOPLIST_KEY_UILaunchScreen_Generation = YES;
				INFOPLIST_KEY_UISupportedInterfaceOrientations_iPad = "UIInterfaceOrientationPortrait UIInterfaceOrientationPortraitUpsideDown UIInterfaceOrientationLandscapeLeft UIInterfaceOrientationLandscapeRight";
				INFOPLIST_KEY_UISupportedInterfaceOrientations_iPhone = "UIInterfaceOrientationPortrait UIInterfaceOrientationLandscapeLeft UIInterfaceOrientationLandscapeRight";
				IPHONEOS_DEPLOYMENT_TARGET = 14.0;
				LD_RUNPATH_SEARCH_PATHS = (
					"$(inherited)",
					"@executable_path/Frameworks",
				);
				MARKETING_VERSION = 1.0;
				PRODUCT_BUNDLE_IDENTIFIER = vincent.MessageRacer;
				PRODUCT_NAME = "$(TARGET_NAME)";
				SUPPORTS_MACCATALYST = YES;
				SWIFT_EMIT_LOC_STRINGS = YES;
				SWIFT_VERSION = 5.0;
				TARGETED_DEVICE_FAMILY = "1,2";
			};
			name = Debug;
		};
		53B45E1D267C84F7007BF7DE /* Release */ = {
			isa = XCBuildConfiguration;
			buildSettings = {
				ASSETCATALOG_COMPILER_APPICON_NAME = AppIcon;
				ASSETCATALOG_COMPILER_GLOBAL_ACCENT_COLOR_NAME = AccentColor;
				CODE_SIGN_ENTITLEMENTS = MessageRacer/MessageRacer.entitlements;
				CODE_SIGN_STYLE = Automatic;
				CURRENT_PROJECT_VERSION = 1;
				DEVELOPMENT_ASSET_PATHS = "\"MessageRacer/Preview Content\"";
				DEVELOPMENT_TEAM = 4XB4MN7FPX;
				ENABLE_PREVIEWS = YES;
				GENERATE_INFOPLIST_FILE = YES;
				INFOPLIST_FILE = MessageRacer/Info.plist;
				INFOPLIST_KEY_CFBundleExecutable = MessageRacer;
				INFOPLIST_KEY_CFBundleName = MessageRacer;
				INFOPLIST_KEY_CFBundleVersion = 1;
				INFOPLIST_KEY_UIApplicationSceneManifest_Generation = YES;
				INFOPLIST_KEY_UIApplicationSupportsIndirectInputEvents = YES;
				INFOPLIST_KEY_UILaunchScreen_Generation = YES;
				INFOPLIST_KEY_UISupportedInterfaceOrientations_iPad = "UIInterfaceOrientationPortrait UIInterfaceOrientationPortraitUpsideDown UIInterfaceOrientationLandscapeLeft UIInterfaceOrientationLandscapeRight";
				INFOPLIST_KEY_UISupportedInterfaceOrientations_iPhone = "UIInterfaceOrientationPortrait UIInterfaceOrientationLandscapeLeft UIInterfaceOrientationLandscapeRight";
				IPHONEOS_DEPLOYMENT_TARGET = 14.0;
				LD_RUNPATH_SEARCH_PATHS = (
					"$(inherited)",
					"@executable_path/Frameworks",
				);
				MARKETING_VERSION = 1.0;
				PRODUCT_BUNDLE_IDENTIFIER = vincent.MessageRacer;
				PRODUCT_NAME = "$(TARGET_NAME)";
				SUPPORTS_MACCATALYST = YES;
				SWIFT_EMIT_LOC_STRINGS = YES;
				SWIFT_VERSION = 5.0;
				TARGETED_DEVICE_FAMILY = "1,2";
			};
			name = Release;
		};
/* End XCBuildConfiguration section */

/* Begin XCConfigurationList section */
		53B45E08267C84F5007BF7DE /* Build configuration list for PBXProject "MessageRacer" */ = {
			isa = XCConfigurationList;
			buildConfigurations = (
				53B45E19267C84F7007BF7DE /* Debug */,
				53B45E1A267C84F7007BF7DE /* Release */,
			);
			defaultConfigurationIsVisible = 0;
			defaultConfigurationName = Release;
		};
		53B45E1B267C84F7007BF7DE /* Build configuration list for PBXNativeTarget "MessageRacer" */ = {
			isa = XCConfigurationList;
			buildConfigurations = (
				53B45E1C267C84F7007BF7DE /* Debug */,
				53B45E1D267C84F7007BF7DE /* Release */,
			);
			defaultConfigurationIsVisible = 0;
			defaultConfigurationName = Release;
		};
/* End XCConfigurationList section */

/* Begin XCRemoteSwiftPackageReference section */
		5339DC612690B53200856830 /* XCRemoteSwiftPackageReference "ActivityIndicatorView" */ = {
			isa = XCRemoteSwiftPackageReference;
			repositoryURL = "https://github.com/exyte/ActivityIndicatorView.git";
			requirement = {
				kind = upToNextMajorVersion;
				minimumVersion = 0.0.7;
			};
		};
		53DB326F268D9D67006CE332 /* XCRemoteSwiftPackageReference "apollo-ios" */ = {
			isa = XCRemoteSwiftPackageReference;
			repositoryURL = "https://github.com/apollographql/apollo-ios.git";
			requirement = {
				kind = upToNextMajorVersion;
				minimumVersion = 0.3.0;
			};
		};
/* End XCRemoteSwiftPackageReference section */

/* Begin XCSwiftPackageProductDependency section */
		5339DC622690B53300856830 /* ActivityIndicatorView */ = {
			isa = XCSwiftPackageProductDependency;
			package = 5339DC612690B53200856830 /* XCRemoteSwiftPackageReference "ActivityIndicatorView" */;
			productName = ActivityIndicatorView;
		};
		53DB3270268D9D67006CE332 /* Apollo */ = {
			isa = XCSwiftPackageProductDependency;
			package = 53DB326F268D9D67006CE332 /* XCRemoteSwiftPackageReference "apollo-ios" */;
			productName = Apollo;
		};
		53DB3272268D9D67006CE332 /* ApolloAPI */ = {
			isa = XCSwiftPackageProductDependency;
			package = 53DB326F268D9D67006CE332 /* XCRemoteSwiftPackageReference "apollo-ios" */;
			productName = ApolloAPI;
		};
		53DB3274268D9D67006CE332 /* ApolloCodegenLib */ = {
			isa = XCSwiftPackageProductDependency;
			package = 53DB326F268D9D67006CE332 /* XCRemoteSwiftPackageReference "apollo-ios" */;
			productName = ApolloCodegenLib;
		};
		53DB3276268D9D67006CE332 /* ApolloUtils */ = {
			isa = XCSwiftPackageProductDependency;
			package = 53DB326F268D9D67006CE332 /* XCRemoteSwiftPackageReference "apollo-ios" */;
			productName = ApolloUtils;
		};
		53DB3278268D9D67006CE332 /* ApolloWebSocket */ = {
			isa = XCSwiftPackageProductDependency;
			package = 53DB326F268D9D67006CE332 /* XCRemoteSwiftPackageReference "apollo-ios" */;
			productName = ApolloWebSocket;
		};
/* End XCSwiftPackageProductDependency section */
	};
	rootObject = 53B45E05267C84F5007BF7DE /* Project object */;
}
